
Microsoft Visual Studio Solution File, Format Version 12.00
# Visual Studio 14
VisualStudioVersion = 14.0.24720.0
MinimumVisualStudioVersion = 10.0.40219.1
Project("{FAE04EC0-301F-11D3-BF4B-00C04F79EFBC}") = "XamarinSample.Droid", "XamarinSample\XamarinSample.Droid\XamarinSample.Droid.csproj", "{EE3AEA42-3EC1-44DB-9B6A-13FC9813ABAB}"
EndProject
Project("{FAE04EC0-301F-11D3-BF4B-00C04F79EFBC}") = "XamarinSample.iOS", "XamarinSample\XamarinSample.iOS\XamarinSample.iOS.csproj", "{273648D3-3443-4F25-9C44-FA0B0D4A63A3}"
EndProject
Project("{FAE04EC0-301F-11D3-BF4B-00C04F79EFBC}") = "XamarinSample.WinPhone", "XamarinSample\XamarinSample.WinPhone\XamarinSample.WinPhone.csproj", "{908A7E0A-399B-4353-82FC-B6DAF8C43EEA}"
EndProject
Project("{FAE04EC0-301F-11D3-BF4B-00C04F79EFBC}") = "XamarinSample", "XamarinSample\XamarinSample\XamarinSample.csproj", "{D82BE3C1-2528-4C81-AB81-EEE8F7D5F64E}"
EndProject
Global
	GlobalSection(SolutionConfigurationPlatforms) = preSolution
		Ad-Hoc|Any CPU = Ad-Hoc|Any CPU
		Ad-Hoc|ARM = Ad-Hoc|ARM
		Ad-Hoc|iPhone = Ad-Hoc|iPhone
		Ad-Hoc|iPhoneSimulator = Ad-Hoc|iPhoneSimulator
		Ad-Hoc|x86 = Ad-Hoc|x86
		AppStore|Any CPU = AppStore|Any CPU
		AppStore|ARM = AppStore|ARM
		AppStore|iPhone = AppStore|iPhone
		AppStore|iPhoneSimulator = AppStore|iPhoneSimulator
		AppStore|x86 = AppStore|x86
		Debug|Any CPU = Debug|Any CPU
		Debug|ARM = Debug|ARM
		Debug|iPhone = Debug|iPhone
		Debug|iPhoneSimulator = Debug|iPhoneSimulator
		Debug|x86 = Debug|x86
		Release|Any CPU = Release|Any CPU
		Release|ARM = Release|ARM
		Release|iPhone = Release|iPhone
		Release|iPhoneSimulator = Release|iPhoneSimulator
		Release|x86 = Release|x86
	EndGlobalSection
	GlobalSection(ProjectConfigurationPlatforms) = postSolution
		{EE3AEA42-3EC1-44DB-9B6A-13FC9813ABAB}.Ad-Hoc|Any CPU.ActiveCfg = Release|Any CPU
		{EE3AEA42-3EC1-44DB-9B6A-13FC9813ABAB}.Ad-Hoc|Any CPU.Build.0 = Release|Any CPU
		{EE3AEA42-3EC1-44DB-9B6A-13FC9813ABAB}.Ad-Hoc|Any CPU.Deploy.0 = Release|Any CPU
		{EE3AEA42-3EC1-44DB-9B6A-13FC9813ABAB}.Ad-Hoc|ARM.ActiveCfg = Release|Any CPU
		{EE3AEA42-3EC1-44DB-9B6A-13FC9813ABAB}.Ad-Hoc|ARM.Build.0 = Release|Any CPU
		{EE3AEA42-3EC1-44DB-9B6A-13FC9813ABAB}.Ad-Hoc|ARM.Deploy.0 = Release|Any CPU
		{EE3AEA42-3EC1-44DB-9B6A-13FC9813ABAB}.Ad-Hoc|iPhone.ActiveCfg = Release|Any CPU
		{EE3AEA42-3EC1-44DB-9B6A-13FC9813ABAB}.Ad-Hoc|iPhone.Build.0 = Release|Any CPU
		{EE3AEA42-3EC1-44DB-9B6A-13FC9813ABAB}.Ad-Hoc|iPhone.Deploy.0 = Release|Any CPU
		{EE3AEA42-3EC1-44DB-9B6A-13FC9813ABAB}.Ad-Hoc|iPhoneSimulator.ActiveCfg = Release|Any CPU
		{EE3AEA42-3EC1-44DB-9B6A-13FC9813ABAB}.Ad-Hoc|iPhoneSimulator.Build.0 = Release|Any CPU
		{EE3AEA42-3EC1-44DB-9B6A-13FC9813ABAB}.Ad-Hoc|iPhoneSimulator.Deploy.0 = Release|Any CPU
		{EE3AEA42-3EC1-44DB-9B6A-13FC9813ABAB}.Ad-Hoc|x86.ActiveCfg = Release|Any CPU
		{EE3AEA42-3EC1-44DB-9B6A-13FC9813ABAB}.Ad-Hoc|x86.Build.0 = Release|Any CPU
		{EE3AEA42-3EC1-44DB-9B6A-13FC9813ABAB}.Ad-Hoc|x86.Deploy.0 = Release|Any CPU
		{EE3AEA42-3EC1-44DB-9B6A-13FC9813ABAB}.AppStore|Any CPU.ActiveCfg = Release|Any CPU
		{EE3AEA42-3EC1-44DB-9B6A-13FC9813ABAB}.AppStore|Any CPU.Build.0 = Release|Any CPU
		{EE3AEA42-3EC1-44DB-9B6A-13FC9813ABAB}.AppStore|Any CPU.Deploy.0 = Release|Any CPU
		{EE3AEA42-3EC1-44DB-9B6A-13FC9813ABAB}.AppStore|ARM.ActiveCfg = Release|Any CPU
		{EE3AEA42-3EC1-44DB-9B6A-13FC9813ABAB}.AppStore|ARM.Build.0 = Release|Any CPU
		{EE3AEA42-3EC1-44DB-9B6A-13FC9813ABAB}.AppStore|ARM.Deploy.0 = Release|Any CPU
		{EE3AEA42-3EC1-44DB-9B6A-13FC9813ABAB}.AppStore|iPhone.ActiveCfg = Release|Any CPU
		{EE3AEA42-3EC1-44DB-9B6A-13FC9813ABAB}.AppStore|iPhone.Build.0 = Release|Any CPU
		{EE3AEA42-3EC1-44DB-9B6A-13FC9813ABAB}.AppStore|iPhone.Deploy.0 = Release|Any CPU
		{EE3AEA42-3EC1-44DB-9B6A-13FC9813ABAB}.AppStore|iPhoneSimulator.ActiveCfg = Release|Any CPU
		{EE3AEA42-3EC1-44DB-9B6A-13FC9813ABAB}.AppStore|iPhoneSimulator.Build.0 = Release|Any CPU
		{EE3AEA42-3EC1-44DB-9B6A-13FC9813ABAB}.AppStore|iPhoneSimulator.Deploy.0 = Release|Any CPU
		{EE3AEA42-3EC1-44DB-9B6A-13FC9813ABAB}.AppStore|x86.ActiveCfg = Release|Any CPU
		{EE3AEA42-3EC1-44DB-9B6A-13FC9813ABAB}.AppStore|x86.Build.0 = Release|Any CPU
		{EE3AEA42-3EC1-44DB-9B6A-13FC9813ABAB}.AppStore|x86.Deploy.0 = Release|Any CPU
		{EE3AEA42-3EC1-44DB-9B6A-13FC9813ABAB}.Debug|Any CPU.ActiveCfg = Debug|Any CPU
		{EE3AEA42-3EC1-44DB-9B6A-13FC9813ABAB}.Debug|Any CPU.Build.0 = Debug|Any CPU
		{EE3AEA42-3EC1-44DB-9B6A-13FC9813ABAB}.Debug|Any CPU.Deploy.0 = Debug|Any CPU
		{EE3AEA42-3EC1-44DB-9B6A-13FC9813ABAB}.Debug|ARM.ActiveCfg = Debug|Any CPU
		{EE3AEA42-3EC1-44DB-9B6A-13FC9813ABAB}.Debug|ARM.Build.0 = Debug|Any CPU
		{EE3AEA42-3EC1-44DB-9B6A-13FC9813ABAB}.Debug|ARM.Deploy.0 = Debug|Any CPU
		{EE3AEA42-3EC1-44DB-9B6A-13FC9813ABAB}.Debug|iPhone.ActiveCfg = Debug|Any CPU
		{EE3AEA42-3EC1-44DB-9B6A-13FC9813ABAB}.Debug|iPhone.Build.0 = Debug|Any CPU
		{EE3AEA42-3EC1-44DB-9B6A-13FC9813ABAB}.Debug|iPhone.Deploy.0 = Debug|Any CPU
		{EE3AEA42-3EC1-44DB-9B6A-13FC9813ABAB}.Debug|iPhoneSimulator.ActiveCfg = Debug|Any CPU
		{EE3AEA42-3EC1-44DB-9B6A-13FC9813ABAB}.Debug|iPhoneSimulator.Build.0 = Debug|Any CPU
		{EE3AEA42-3EC1-44DB-9B6A-13FC9813ABAB}.Debug|iPhoneSimulator.Deploy.0 = Debug|Any CPU
		{EE3AEA42-3EC1-44DB-9B6A-13FC9813ABAB}.Debug|x86.ActiveCfg = Debug|Any CPU
		{EE3AEA42-3EC1-44DB-9B6A-13FC9813ABAB}.Debug|x86.Build.0 = Debug|Any CPU
		{EE3AEA42-3EC1-44DB-9B6A-13FC9813ABAB}.Debug|x86.Deploy.0 = Debug|Any CPU
		{EE3AEA42-3EC1-44DB-9B6A-13FC9813ABAB}.Release|Any CPU.ActiveCfg = Release|Any CPU
		{EE3AEA42-3EC1-44DB-9B6A-13FC9813ABAB}.Release|Any CPU.Build.0 = Release|Any CPU
		{EE3AEA42-3EC1-44DB-9B6A-13FC9813ABAB}.Release|Any CPU.Deploy.0 = Release|Any CPU
		{EE3AEA42-3EC1-44DB-9B6A-13FC9813ABAB}.Release|ARM.ActiveCfg = Release|Any CPU
		{EE3AEA42-3EC1-44DB-9B6A-13FC9813ABAB}.Release|ARM.Build.0 = Release|Any CPU
		{EE3AEA42-3EC1-44DB-9B6A-13FC9813ABAB}.Release|ARM.Deploy.0 = Release|Any CPU
		{EE3AEA42-3EC1-44DB-9B6A-13FC9813ABAB}.Release|iPhone.ActiveCfg = Release|Any CPU
		{EE3AEA42-3EC1-44DB-9B6A-13FC9813ABAB}.Release|iPhone.Build.0 = Release|Any CPU
		{EE3AEA42-3EC1-44DB-9B6A-13FC9813ABAB}.Release|iPhone.Deploy.0 = Release|Any CPU
		{EE3AEA42-3EC1-44DB-9B6A-13FC9813ABAB}.Release|iPhoneSimulator.ActiveCfg = Release|Any CPU
		{EE3AEA42-3EC1-44DB-9B6A-13FC9813ABAB}.Release|iPhoneSimulator.Build.0 = Release|Any CPU
		{EE3AEA42-3EC1-44DB-9B6A-13FC9813ABAB}.Release|iPhoneSimulator.Deploy.0 = Release|Any CPU
		{EE3AEA42-3EC1-44DB-9B6A-13FC9813ABAB}.Release|x86.ActiveCfg = Release|Any CPU
		{EE3AEA42-3EC1-44DB-9B6A-13FC9813ABAB}.Release|x86.Build.0 = Release|Any CPU
		{EE3AEA42-3EC1-44DB-9B6A-13FC9813ABAB}.Release|x86.Deploy.0 = Release|Any CPU
		{273648D3-3443-4F25-9C44-FA0B0D4A63A3}.Ad-Hoc|Any CPU.ActiveCfg = Ad-Hoc|iPhone
		{273648D3-3443-4F25-9C44-FA0B0D4A63A3}.Ad-Hoc|ARM.ActiveCfg = Ad-Hoc|iPhone
		{273648D3-3443-4F25-9C44-FA0B0D4A63A3}.Ad-Hoc|iPhone.ActiveCfg = Ad-Hoc|iPhone
		{273648D3-3443-4F25-9C44-FA0B0D4A63A3}.Ad-Hoc|iPhone.Build.0 = Ad-Hoc|iPhone
		{273648D3-3443-4F25-9C44-FA0B0D4A63A3}.Ad-Hoc|iPhoneSimulator.ActiveCfg = Ad-Hoc|iPhoneSimulator
		{273648D3-3443-4F25-9C44-FA0B0D4A63A3}.Ad-Hoc|iPhoneSimulator.Build.0 = Ad-Hoc|iPhoneSimulator
		{273648D3-3443-4F25-9C44-FA0B0D4A63A3}.Ad-Hoc|x86.ActiveCfg = Ad-Hoc|iPhone
		{273648D3-3443-4F25-9C44-FA0B0D4A63A3}.AppStore|Any CPU.ActiveCfg = AppStore|iPhone
		{273648D3-3443-4F25-9C44-FA0B0D4A63A3}.AppStore|ARM.ActiveCfg = AppStore|iPhone
		{273648D3-3443-4F25-9C44-FA0B0D4A63A3}.AppStore|iPhone.ActiveCfg = AppStore|iPhone
		{273648D3-3443-4F25-9C44-FA0B0D4A63A3}.AppStore|iPhone.Build.0 = AppStore|iPhone
		{273648D3-3443-4F25-9C44-FA0B0D4A63A3}.AppStore|iPhoneSimulator.ActiveCfg = AppStore|iPhoneSimulator
		{273648D3-3443-4F25-9C44-FA0B0D4A63A3}.AppStore|iPhoneSimulator.Build.0 = AppStore|iPhoneSimulator
		{273648D3-3443-4F25-9C44-FA0B0D4A63A3}.AppStore|x86.ActiveCfg = AppStore|iPhone
		{273648D3-3443-4F25-9C44-FA0B0D4A63A3}.Debug|Any CPU.ActiveCfg = Debug|iPhone
		{273648D3-3443-4F25-9C44-FA0B0D4A63A3}.Debug|ARM.ActiveCfg = Debug|iPhone
		{273648D3-3443-4F25-9C44-FA0B0D4A63A3}.Debug|iPhone.ActiveCfg = Debug|iPhone
		{273648D3-3443-4F25-9C44-FA0B0D4A63A3}.Debug|iPhone.Build.0 = Debug|iPhone
		{273648D3-3443-4F25-9C44-FA0B0D4A63A3}.Debug|iPhoneSimulator.ActiveCfg = Debug|iPhoneSimulator
		{273648D3-3443-4F25-9C44-FA0B0D4A63A3}.Debug|iPhoneSimulator.Build.0 = Debug|iPhoneSimulator
		{273648D3-3443-4F25-9C44-FA0B0D4A63A3}.Debug|x86.ActiveCfg = Debug|iPhone
		{273648D3-3443-4F25-9C44-FA0B0D4A63A3}.Release|Any CPU.ActiveCfg = Release|iPhone
		{273648D3-3443-4F25-9C44-FA0B0D4A63A3}.Release|ARM.ActiveCfg = Release|iPhone
		{273648D3-3443-4F25-9C44-FA0B0D4A63A3}.Release|iPhone.ActiveCfg = Release|iPhone
		{273648D3-3443-4F25-9C44-FA0B0D4A63A3}.Release|iPhone.Build.0 = Release|iPhone
		{273648D3-3443-4F25-9C44-FA0B0D4A63A3}.Release|iPhoneSimulator.ActiveCfg = Release|iPhoneSimulator
		{273648D3-3443-4F25-9C44-FA0B0D4A63A3}.Release|iPhoneSimulator.Build.0 = Release|iPhoneSimulator
		{273648D3-3443-4F25-9C44-FA0B0D4A63A3}.Release|x86.ActiveCfg = Release|iPhone
		{908A7E0A-399B-4353-82FC-B6DAF8C43EEA}.Ad-Hoc|Any CPU.ActiveCfg = Release|Any CPU
		{908A7E0A-399B-4353-82FC-B6DAF8C43EEA}.Ad-Hoc|Any CPU.Build.0 = Release|Any CPU
		{908A7E0A-399B-4353-82FC-B6DAF8C43EEA}.Ad-Hoc|Any CPU.Deploy.0 = Release|Any CPU
		{908A7E0A-399B-4353-82FC-B6DAF8C43EEA}.Ad-Hoc|ARM.ActiveCfg = Release|ARM
		{908A7E0A-399B-4353-82FC-B6DAF8C43EEA}.Ad-Hoc|ARM.Build.0 = Release|ARM
		{908A7E0A-399B-4353-82FC-B6DAF8C43EEA}.Ad-Hoc|ARM.Deploy.0 = Release|ARM
		{908A7E0A-399B-4353-82FC-B6DAF8C43EEA}.Ad-Hoc|iPhone.ActiveCfg = Release|Any CPU
		{908A7E0A-399B-4353-82FC-B6DAF8C43EEA}.Ad-Hoc|iPhone.Build.0 = Release|Any CPU
		{908A7E0A-399B-4353-82FC-B6DAF8C43EEA}.Ad-Hoc|iPhone.Deploy.0 = Release|Any CPU
		{908A7E0A-399B-4353-82FC-B6DAF8C43EEA}.Ad-Hoc|iPhoneSimulator.ActiveCfg = Release|Any CPU
		{908A7E0A-399B-4353-82FC-B6DAF8C43EEA}.Ad-Hoc|iPhoneSimulator.Build.0 = Release|Any CPU
		{908A7E0A-399B-4353-82FC-B6DAF8C43EEA}.Ad-Hoc|iPhoneSimulator.Deploy.0 = Release|Any CPU
		{908A7E0A-399B-4353-82FC-B6DAF8C43EEA}.Ad-Hoc|x86.ActiveCfg = Release|x86
		{908A7E0A-399B-4353-82FC-B6DAF8C43EEA}.Ad-Hoc|x86.Build.0 = Release|x86
		{908A7E0A-399B-4353-82FC-B6DAF8C43EEA}.Ad-Hoc|x86.Deploy.0 = Release|x86
		{908A7E0A-399B-4353-82FC-B6DAF8C43EEA}.AppStore|Any CPU.ActiveCfg = Release|Any CPU
		{908A7E0A-399B-4353-82FC-B6DAF8C43EEA}.AppStore|Any CPU.Build.0 = Release|Any CPU
		{908A7E0A-399B-4353-82FC-B6DAF8C43EEA}.AppStore|Any CPU.Deploy.0 = Release|Any CPU
		{908A7E0A-399B-4353-82FC-B6DAF8C43EEA}.AppStore|ARM.ActiveCfg = Release|ARM
		{908A7E0A-399B-4353-82FC-B6DAF8C43EEA}.AppStore|ARM.Build.0 = Release|ARM
		{908A7E0A-399B-4353-82FC-B6DAF8C43EEA}.AppStore|ARM.Deploy.0 = Release|ARM
		{908A7E0A-399B-4353-82FC-B6DAF8C43EEA}.AppStore|iPhone.ActiveCfg = Release|Any CPU
		{908A7E0A-399B-4353-82FC-B6DAF8C43EEA}.AppStore|iPhone.Build.0 = Release|Any CPU
		{908A7E0A-399B-4353-82FC-B6DAF8C43EEA}.AppStore|iPhone.Deploy.0 = Release|Any CPU
		{908A7E0A-399B-4353-82FC-B6DAF8C43EEA}.AppStore|iPhoneSimulator.ActiveCfg = Release|Any CPU
		{908A7E0A-399B-4353-82FC-B6DAF8C43EEA}.AppStore|iPhoneSimulator.Build.0 = Release|Any CPU
		{908A7E0A-399B-4353-82FC-B6DAF8C43EEA}.AppStore|iPhoneSimulator.Deploy.0 = Release|Any CPU
		{908A7E0A-399B-4353-82FC-B6DAF8C43EEA}.AppStore|x86.ActiveCfg = Release|x86
		{908A7E0A-399B-4353-82FC-B6DAF8C43EEA}.AppStore|x86.Build.0 = Release|x86
		{908A7E0A-399B-4353-82FC-B6DAF8C43EEA}.AppStore|x86.Deploy.0 = Release|x86
		{908A7E0A-399B-4353-82FC-B6DAF8C43EEA}.Debug|Any CPU.ActiveCfg = Debug|Any CPU
		{908A7E0A-399B-4353-82FC-B6DAF8C43EEA}.Debug|Any CPU.Build.0 = Debug|Any CPU
		{908A7E0A-399B-4353-82FC-B6DAF8C43EEA}.Debug|Any CPU.Deploy.0 = Debug|Any CPU
		{908A7E0A-399B-4353-82FC-B6DAF8C43EEA}.Debug|ARM.ActiveCfg = Debug|ARM
		{908A7E0A-399B-4353-82FC-B6DAF8C43EEA}.Debug|ARM.Build.0 = Debug|ARM
		{908A7E0A-399B-4353-82FC-B6DAF8C43EEA}.Debug|ARM.Deploy.0 = Debug|ARM
		{908A7E0A-399B-4353-82FC-B6DAF8C43EEA}.Debug|iPhone.ActiveCfg = Debug|Any CPU
		{908A7E0A-399B-4353-82FC-B6DAF8C43EEA}.Debug|iPhone.Build.0 = Debug|Any CPU
		{908A7E0A-399B-4353-82FC-B6DAF8C43EEA}.Debug|iPhone.Deploy.0 = Debug|Any CPU
		{908A7E0A-399B-4353-82FC-B6DAF8C43EEA}.Debug|iPhoneSimulator.ActiveCfg = Debug|Any CPU
		{908A7E0A-399B-4353-82FC-B6DAF8C43EEA}.Debug|iPhoneSimulator.Build.0 = Debug|Any CPU
		{908A7E0A-399B-4353-82FC-B6DAF8C43EEA}.Debug|iPhoneSimulator.Deploy.0 = Debug|Any CPU
		{908A7E0A-399B-4353-82FC-B6DAF8C43EEA}.Debug|x86.ActiveCfg = Debug|x86
		{908A7E0A-399B-4353-82FC-B6DAF8C43EEA}.Debug|x86.Build.0 = Debug|x86
		{908A7E0A-399B-4353-82FC-B6DAF8C43EEA}.Debug|x86.Deploy.0 = Debug|x86
		{908A7E0A-399B-4353-82FC-B6DAF8C43EEA}.Release|Any CPU.ActiveCfg = Release|Any CPU
		{908A7E0A-399B-4353-82FC-B6DAF8C43EEA}.Release|Any CPU.Build.0 = Release|Any CPU
		{908A7E0A-399B-4353-82FC-B6DAF8C43EEA}.Release|Any CPU.Deploy.0 = Release|Any CPU
		{908A7E0A-399B-4353-82FC-B6DAF8C43EEA}.Release|ARM.ActiveCfg = Release|ARM
		{908A7E0A-399B-4353-82FC-B6DAF8C43EEA}.Release|ARM.Build.0 = Release|ARM
		{908A7E0A-399B-4353-82FC-B6DAF8C43EEA}.Release|ARM.Deploy.0 = Release|ARM
		{908A7E0A-399B-4353-82FC-B6DAF8C43EEA}.Release|iPhone.ActiveCfg = Release|Any CPU
		{908A7E0A-399B-4353-82FC-B6DAF8C43EEA}.Release|iPhone.Build.0 = Release|Any CPU
		{908A7E0A-399B-4353-82FC-B6DAF8C43EEA}.Release|iPhone.Deploy.0 = Release|Any CPU
		{908A7E0A-399B-4353-82FC-B6DAF8C43EEA}.Release|iPhoneSimulator.ActiveCfg = Release|Any CPU
		{908A7E0A-399B-4353-82FC-B6DAF8C43EEA}.Release|iPhoneSimulator.Build.0 = Release|Any CPU
		{908A7E0A-399B-4353-82FC-B6DAF8C43EEA}.Release|iPhoneSimulator.Deploy.0 = Release|Any CPU
		{908A7E0A-399B-4353-82FC-B6DAF8C43EEA}.Release|x86.ActiveCfg = Release|x86
		{908A7E0A-399B-4353-82FC-B6DAF8C43EEA}.Release|x86.Build.0 = Release|x86
		{908A7E0A-399B-4353-82FC-B6DAF8C43EEA}.Release|x86.Deploy.0 = Release|x86
		{D82BE3C1-2528-4C81-AB81-EEE8F7D5F64E}.Ad-Hoc|Any CPU.ActiveCfg = Release|Any CPU
		{D82BE3C1-2528-4C81-AB81-EEE8F7D5F64E}.Ad-Hoc|Any CPU.Build.0 = Release|Any CPU
		{D82BE3C1-2528-4C81-AB81-EEE8F7D5F64E}.Ad-Hoc|ARM.ActiveCfg = Release|Any CPU
		{D82BE3C1-2528-4C81-AB81-EEE8F7D5F64E}.Ad-Hoc|ARM.Build.0 = Release|Any CPU
		{D82BE3C1-2528-4C81-AB81-EEE8F7D5F64E}.Ad-Hoc|iPhone.ActiveCfg = Release|Any CPU
		{D82BE3C1-2528-4C81-AB81-EEE8F7D5F64E}.Ad-Hoc|iPhone.Build.0 = Release|Any CPU
		{D82BE3C1-2528-4C81-AB81-EEE8F7D5F64E}.Ad-Hoc|iPhoneSimulator.ActiveCfg = Release|Any CPU
		{D82BE3C1-2528-4C81-AB81-EEE8F7D5F64E}.Ad-Hoc|iPhoneSimulator.Build.0 = Release|Any CPU
		{D82BE3C1-2528-4C81-AB81-EEE8F7D5F64E}.Ad-Hoc|x86.ActiveCfg = Release|Any CPU
		{D82BE3C1-2528-4C81-AB81-EEE8F7D5F64E}.Ad-Hoc|x86.Build.0 = Release|Any CPU
		{D82BE3C1-2528-4C81-AB81-EEE8F7D5F64E}.AppStore|Any CPU.ActiveCfg = Release|Any CPU
		{D82BE3C1-2528-4C81-AB81-EEE8F7D5F64E}.AppStore|Any CPU.Build.0 = Release|Any CPU
		{D82BE3C1-2528-4C81-AB81-EEE8F7D5F64E}.AppStore|ARM.ActiveCfg = Release|Any CPU
		{D82BE3C1-2528-4C81-AB81-EEE8F7D5F64E}.AppStore|ARM.Build.0 = Release|Any CPU
		{D82BE3C1-2528-4C81-AB81-EEE8F7D5F64E}.AppStore|iPhone.ActiveCfg = Release|Any CPU
		{D82BE3C1-2528-4C81-AB81-EEE8F7D5F64E}.AppStore|iPhone.Build.0 = Release|Any CPU
		{D82BE3C1-2528-4C81-AB81-EEE8F7D5F64E}.AppStore|iPhoneSimulator.ActiveCfg = Release|Any CPU
		{D82BE3C1-2528-4C81-AB81-EEE8F7D5F64E}.AppStore|iPhoneSimulator.Build.0 = Release|Any CPU
		{D82BE3C1-2528-4C81-AB81-EEE8F7D5F64E}.AppStore|x86.ActiveCfg = Release|Any CPU
		{D82BE3C1-2528-4C81-AB81-EEE8F7D5F64E}.AppStore|x86.Build.0 = Release|Any CPU
		{D82BE3C1-2528-4C81-AB81-EEE8F7D5F64E}.Debug|Any CPU.ActiveCfg = Debug|Any CPU
		{D82BE3C1-2528-4C81-AB81-EEE8F7D5F64E}.Debug|Any CPU.Build.0 = Debug|Any CPU
		{D82BE3C1-2528-4C81-AB81-EEE8F7D5F64E}.Debug|ARM.ActiveCfg = Debug|Any CPU
		{D82BE3C1-2528-4C81-AB81-EEE8F7D5F64E}.Debug|ARM.Build.0 = Debug|Any CPU
		{D82BE3C1-2528-4C81-AB81-EEE8F7D5F64E}.Debug|iPhone.ActiveCfg = Debug|Any CPU
		{D82BE3C1-2528-4C81-AB81-EEE8F7D5F64E}.Debug|iPhone.Build.0 = Debug|Any CPU
		{D82BE3C1-2528-4C81-AB81-EEE8F7D5F64E}.Debug|iPhoneSimulator.ActiveCfg = Debug|Any CPU
		{D82BE3C1-2528-4C81-AB81-EEE8F7D5F64E}.Debug|iPhoneSimulator.Build.0 = Debug|Any CPU
		{D82BE3C1-2528-4C81-AB81-EEE8F7D5F64E}.Debug|x86.ActiveCfg = Debug|Any CPU
		{D82BE3C1-2528-4C81-AB81-EEE8F7D5F64E}.Debug|x86.Build.0 = Debug|Any CPU
		{D82BE3C1-2528-4C81-AB81-EEE8F7D5F64E}.Release|Any CPU.ActiveCfg = Release|Any CPU
		{D82BE3C1-2528-4C81-AB81-EEE8F7D5F64E}.Release|Any CPU.Build.0 = Release|Any CPU
		{D82BE3C1-2528-4C81-AB81-EEE8F7D5F64E}.Release|ARM.ActiveCfg = Release|Any CPU
		{D82BE3C1-2528-4C81-AB81-EEE8F7D5F64E}.Release|ARM.Build.0 = Release|Any CPU
		{D82BE3C1-2528-4C81-AB81-EEE8F7D5F64E}.Release|iPhone.ActiveCfg = Release|Any CPU
		{D82BE3C1-2528-4C81-AB81-EEE8F7D5F64E}.Release|iPhone.Build.0 = Release|Any CPU
		{D82BE3C1-2528-4C81-AB81-EEE8F7D5F64E}.Release|iPhoneSimulator.ActiveCfg = Release|Any CPU
		{D82BE3C1-2528-4C81-AB81-EEE8F7D5F64E}.Release|iPhoneSimulator.Build.0 = Release|Any CPU
		{D82BE3C1-2528-4C81-AB81-EEE8F7D5F64E}.Release|x86.ActiveCfg = Release|Any CPU
		{D82BE3C1-2528-4C81-AB81-EEE8F7D5F64E}.Release|x86.Build.0 = Release|Any CPU
	EndGlobalSection
	GlobalSection(SolutionProperties) = preSolution
		HideSolutionNode = FALSE
	EndGlobalSection
EndGlobal
